
Microsoft Visual Studio Solution File, Format Version 12.00
# Visual Studio Version 17
VisualStudioVersion = 17.5.33414.496
MinimumVisualStudioVersion = 10.0.40219.1
Project("{FAE04EC0-301F-11D3-BF4B-00C04F79EFBC}") = "Kata1", "Kata1\Kata1.csproj", "{E8173DDF-9550-42CC-9FB3-F796BB7708A0}"
EndProject
Project("{FAE04EC0-301F-11D3-BF4B-00C04F79EFBC}") = "Kata1Test", "Kata1Test\Kata1Test.csproj", "{C2F41A32-CAAB-45A4-B8C7-C3013BAAA61D}"
EndProject
Global
	GlobalSection(SolutionConfigurationPlatforms) = preSolution
		Debug|Any CPU = Debug|Any CPU
		Release|Any CPU = Release|Any CPU
	EndGlobalSection
	GlobalSection(ProjectConfigurationPlatforms) = postSolution
		{E8173DDF-9550-42CC-9FB3-F796BB7708A0}.Debug|Any CPU.ActiveCfg = Debug|Any CPU
		{E8173DDF-9550-42CC-9FB3-F796BB7708A0}.Debug|Any CPU.Build.0 = Debug|Any CPU
		{E8173DDF-9550-42CC-9FB3-F796BB7708A0}.Release|Any CPU.ActiveCfg = Release|Any CPU
		{E8173DDF-9550-42CC-9FB3-F796BB7708A0}.Release|Any CPU.Build.0 = Release|Any CPU
		{C2F41A32-CAAB-45A4-B8C7-C3013BAAA61D}.Debug|Any CPU.ActiveCfg = Debug|Any CPU
		{C2F41A32-CAAB-45A4-B8C7-C3013BAAA61D}.Debug|Any CPU.Build.0 = Debug|Any CPU
		{C2F41A32-CAAB-45A4-B8C7-C3013BAAA61D}.Release|Any CPU.ActiveCfg = Release|Any CPU
		{C2F41A32-CAAB-45A4-B8C7-C3013BAAA61D}.Release|Any CPU.Build.0 = Release|Any CPU
	EndGlobalSection
	GlobalSection(SolutionProperties) = preSolution
		HideSolutionNode = FALSE
	EndGlobalSection
	GlobalSection(ExtensibilityGlobals) = postSolution
		SolutionGuid = {524277DF-8014-461F-BD91-E00FE8D57247}
	EndGlobalSection
EndGlobal
